
Microsoft Visual Studio Solution File, Format Version 12.00
# Visual Studio Version 17
VisualStudioVersion = 17.8.34511.84
MinimumVisualStudioVersion = 10.0.40219.1
Project("{FAE04EC0-301F-11D3-BF4B-00C04F79EFBC}") = "ToDo", "ToDo\ToDo.csproj", "{A5A43300-BFDD-41D8-BDE7-92000BE0D395}"
EndProject
Global
	GlobalSection(SolutionConfigurationPlatforms) = preSolution
		Debug|Any CPU = Debug|Any CPU
		Release|Any CPU = Release|Any CPU
	EndGlobalSection
	GlobalSection(ProjectConfigurationPlatforms) = postSolution
		{A5A43300-BFDD-41D8-BDE7-92000BE0D395}.Debug|Any CPU.ActiveCfg = Debug|Any CPU
		{A5A43300-BFDD-41D8-BDE7-92000BE0D395}.Debug|Any CPU.Build.0 = Debug|Any CPU
		{A5A43300-BFDD-41D8-BDE7-92000BE0D395}.Release|Any CPU.ActiveCfg = Release|Any CPU
		{A5A43300-BFDD-41D8-BDE7-92000BE0D395}.Release|Any CPU.Build.0 = Release|Any CPU
	EndGlobalSection
	GlobalSection(SolutionProperties) = preSolution
		HideSolutionNode = FALSE
	EndGlobalSection
	GlobalSection(ExtensibilityGlobals) = postSolution
		SolutionGuid = {D3EA1018-DBDB-4A48-A3DD-231560EE6761}
	EndGlobalSection
EndGlobal
